// !$*UTF8*$!
{
	archiveVersion = 1;
	classes = {
	};
	objectVersion = 48;
	objects = {

/* Begin PBXBuildFile section */
		CD8B481B208824D900F2BE99 /* AppDelegate.swift in Sources */ = {isa = PBXBuildFile; fileRef = CD8B481A208824D900F2BE99 /* AppDelegate.swift */; };
		CD8B481D208824D900F2BE99 /* ViewController.swift in Sources */ = {isa = PBXBuildFile; fileRef = CD8B481C208824D900F2BE99 /* ViewController.swift */; };
		CD8B4820208824D900F2BE99 /* Main.storyboard in Resources */ = {isa = PBXBuildFile; fileRef = CD8B481E208824D900F2BE99 /* Main.storyboard */; };
		CD8B4822208824D900F2BE99 /* Assets.xcassets in Resources */ = {isa = PBXBuildFile; fileRef = CD8B4821208824D900F2BE99 /* Assets.xcassets */; };
		CD8B4825208824D900F2BE99 /* LaunchScreen.storyboard in Resources */ = {isa = PBXBuildFile; fileRef = CD8B4823208824D900F2BE99 /* LaunchScreen.storyboard */; };
		CD8B482D208826CF00F2BE99 /* 음악.png in Resources */ = {isa = PBXBuildFile; fileRef = CD8B482C208826CE00F2BE99 /* 음악.png */; };
		CD8B482F208826D700F2BE99 /* 여자 발라드 오전 6.22.53.jpg in Resources */ = {isa = PBXBuildFile; fileRef = CD8B482E208826D700F2BE99 /* 여자 발라드 오전 6.22.53.jpg */; };
		CD8B4831208826DD00F2BE99 /* 여자 댄스 오전 6.20.50.jpg in Resources */ = {isa = PBXBuildFile; fileRef = CD8B4830208826DD00F2BE99 /* 여자 댄스 오전 6.20.50.jpg */; };
		CD8B4833208826E300F2BE99 /* 앱사진 05-54-32-870.png in Resources */ = {isa = PBXBuildFile; fileRef = CD8B4832208826E300F2BE99 /* 앱사진 05-54-32-870.png */; };
		CD8B4835208826E900F2BE99 /* 남자 발라드 오전 6.22.53.jpg in Resources */ = {isa = PBXBuildFile; fileRef = CD8B4834208826E900F2BE99 /* 남자 발라드 오전 6.22.53.jpg */; };
		CD8B4837208826EF00F2BE99 /* 남자 댄스 오전 6.20.50.jpg in Resources */ = {isa = PBXBuildFile; fileRef = CD8B4836208826EF00F2BE99 /* 남자 댄스 오전 6.20.50.jpg */; };
		CD8B4839208826F400F2BE99 /* 검색.png in Resources */ = {isa = PBXBuildFile; fileRef = CD8B4838208826F400F2BE99 /* 검색.png */; };
		CD8B483B208828D200F2BE99 /* SearchingViewController.swift in Sources */ = {isa = PBXBuildFile; fileRef = CD8B483A208828D200F2BE99 /* SearchingViewController.swift */; };
		CD8B483D208828F500F2BE99 /* AddingViewController.swift in Sources */ = {isa = PBXBuildFile; fileRef = CD8B483C208828F500F2BE99 /* AddingViewController.swift */; };
		CD8B483F20882EF600F2BE99 /* Main.storyboard in Resources */ = {isa = PBXBuildFile; fileRef = CD8B483E20882EF600F2BE99 /* Main.storyboard */; };
/* End PBXBuildFile section */

/* Begin PBXFileReference section */
		CD8B4817208824D900F2BE99 /* Assigment.app */ = {isa = PBXFileReference; explicitFileType = wrapper.application; includeInIndex = 0; path = Assigment.app; sourceTree = BUILT_PRODUCTS_DIR; };
		CD8B481A208824D900F2BE99 /* AppDelegate.swift */ = {isa = PBXFileReference; lastKnownFileType = sourcecode.swift; path = AppDelegate.swift; sourceTree = "<group>"; };
		CD8B481C208824D900F2BE99 /* ViewController.swift */ = {isa = PBXFileReference; lastKnownFileType = sourcecode.swift; path = ViewController.swift; sourceTree = "<group>"; };
		CD8B481F208824D900F2BE99 /* Base */ = {isa = PBXFileReference; lastKnownFileType = file.storyboard; name = Base; path = Base.lproj/Main.storyboard; sourceTree = "<group>"; };
		CD8B4821208824D900F2BE99 /* Assets.xcassets */ = {isa = PBXFileReference; lastKnownFileType = folder.assetcatalog; path = Assets.xcassets; sourceTree = "<group>"; };
		CD8B4824208824D900F2BE99 /* Base */ = {isa = PBXFileReference; lastKnownFileType = file.storyboard; name = Base; path = Base.lproj/LaunchScreen.storyboard; sourceTree = "<group>"; };
		CD8B4826208824D900F2BE99 /* Info.plist */ = {isa = PBXFileReference; lastKnownFileType = text.plist.xml; path = Info.plist; sourceTree = "<group>"; };
		CD8B482C208826CE00F2BE99 /* 음악.png */ = {isa = PBXFileReference; lastKnownFileType = image.png; path = "음악.png"; sourceTree = SOURCE_ROOT; };
		CD8B482E208826D700F2BE99 /* 여자 발라드 오전 6.22.53.jpg */ = {isa = PBXFileReference; lastKnownFileType = image.jpeg; path = "여자 발라드 오전 6.22.53.jpg"; sourceTree = SOURCE_ROOT; };
		CD8B4830208826DD00F2BE99 /* 여자 댄스 오전 6.20.50.jpg */ = {isa = PBXFileReference; lastKnownFileType = image.jpeg; path = "여자 댄스 오전 6.20.50.jpg"; sourceTree = SOURCE_ROOT; };
		CD8B4832208826E300F2BE99 /* 앱사진 05-54-32-870.png */ = {isa = PBXFileReference; lastKnownFileType = image.png; path = "앱사진 05-54-32-870.png"; sourceTree = SOURCE_ROOT; };
		CD8B4834208826E900F2BE99 /* 남자 발라드 오전 6.22.53.jpg */ = {isa = PBXFileReference; lastKnownFileType = image.jpeg; path = "남자 발라드 오전 6.22.53.jpg"; sourceTree = SOURCE_ROOT; };
		CD8B4836208826EF00F2BE99 /* 남자 댄스 오전 6.20.50.jpg */ = {isa = PBXFileReference; lastKnownFileType = image.jpeg; path = "남자 댄스 오전 6.20.50.jpg"; sourceTree = SOURCE_ROOT; };
		CD8B4838208826F400F2BE99 /* 검색.png */ = {isa = PBXFileReference; lastKnownFileType = image.png; path = "검색.png"; sourceTree = SOURCE_ROOT; };
		CD8B483A208828D200F2BE99 /* SearchingViewController.swift */ = {isa = PBXFileReference; lastKnownFileType = sourcecode.swift; path = SearchingViewController.swift; sourceTree = "<group>"; };
		CD8B483C208828F500F2BE99 /* AddingViewController.swift */ = {isa = PBXFileReference; lastKnownFileType = sourcecode.swift; path = AddingViewController.swift; sourceTree = "<group>"; };
		CD8B483E20882EF600F2BE99 /* Main.storyboard */ = {isa = PBXFileReference; fileEncoding = 4; lastKnownFileType = file.storyboard; name = Main.storyboard; path = "../../../../Volumes/김수민/Main.storyboard"; sourceTree = "<group>"; };
/* End PBXFileReference section */

/* Begin PBXFrameworksBuildPhase section */
		CD8B4814208824D800F2BE99 /* Frameworks */ = {
			isa = PBXFrameworksBuildPhase;
			buildActionMask = 2147483647;
			files = (
			);
			runOnlyForDeploymentPostprocessing = 0;
		};
/* End PBXFrameworksBuildPhase section */

/* Begin PBXGroup section */
		CD8B480E208824D800F2BE99 = {
			isa = PBXGroup;
			children = (
				CD8B483E20882EF600F2BE99 /* Main.storyboard */,
				CD8B4819208824D900F2BE99 /* Assigment */,
				CD8B4818208824D900F2BE99 /* Products */,
			);
			sourceTree = "<group>";
		};
		CD8B4818208824D900F2BE99 /* Products */ = {
			isa = PBXGroup;
			children = (
				CD8B4817208824D900F2BE99 /* Assigment.app */,
			);
			name = Products;
			sourceTree = "<group>";
		};
		CD8B4819208824D900F2BE99 /* Assigment */ = {
			isa = PBXGroup;
			children = (
				CD8B4838208826F400F2BE99 /* 검색.png */,
				CD8B4836208826EF00F2BE99 /* 남자 댄스 오전 6.20.50.jpg */,
				CD8B4834208826E900F2BE99 /* 남자 발라드 오전 6.22.53.jpg */,
				CD8B4832208826E300F2BE99 /* 앱사진 05-54-32-870.png */,
				CD8B4830208826DD00F2BE99 /* 여자 댄스 오전 6.20.50.jpg */,
				CD8B482E208826D700F2BE99 /* 여자 발라드 오전 6.22.53.jpg */,
				CD8B482C208826CE00F2BE99 /* 음악.png */,
				CD8B481A208824D900F2BE99 /* AppDelegate.swift */,
				CD8B481C208824D900F2BE99 /* ViewController.swift */,
				CD8B481E208824D900F2BE99 /* Main.storyboard */,
				CD8B4821208824D900F2BE99 /* Assets.xcassets */,
				CD8B4823208824D900F2BE99 /* LaunchScreen.storyboard */,
				CD8B4826208824D900F2BE99 /* Info.plist */,
				CD8B483A208828D200F2BE99 /* SearchingViewController.swift */,
				CD8B483C208828F500F2BE99 /* AddingViewController.swift */,
			);
			path = Assigment;
			sourceTree = "<group>";
		};
/* End PBXGroup section */

/* Begin PBXNativeTarget section */
		CD8B4816208824D800F2BE99 /* Assigment */ = {
			isa = PBXNativeTarget;
			buildConfigurationList = CD8B4829208824D900F2BE99 /* Build configuration list for PBXNativeTarget "Assigment" */;
			buildPhases = (
				CD8B4813208824D800F2BE99 /* Sources */,
				CD8B4814208824D800F2BE99 /* Frameworks */,
				CD8B4815208824D800F2BE99 /* Resources */,
			);
			buildRules = (
			);
			dependencies = (
			);
			name = Assigment;
			productName = Assigment;
			productReference = CD8B4817208824D900F2BE99 /* Assigment.app */;
			productType = "com.apple.product-type.application";
		};
/* End PBXNativeTarget section */

/* Begin PBXProject section */
		CD8B480F208824D800F2BE99 /* Project object */ = {
			isa = PBXProject;
			attributes = {
				LastSwiftUpdateCheck = 0920;
				LastUpgradeCheck = 0920;
				ORGANIZATIONNAME = SWUCOMPUTER;
				TargetAttributes = {
					CD8B4816208824D800F2BE99 = {
						CreatedOnToolsVersion = 9.2;
						ProvisioningStyle = Automatic;
					};
				};
			};
			buildConfigurationList = CD8B4812208824D800F2BE99 /* Build configuration list for PBXProject "Assigment" */;
			compatibilityVersion = "Xcode 8.0";
			developmentRegion = en;
			hasScannedForEncodings = 0;
			knownRegions = (
				en,
				Base,
			);
			mainGroup = CD8B480E208824D800F2BE99;
			productRefGroup = CD8B4818208824D900F2BE99 /* Products */;
			projectDirPath = "";
			projectRoot = "";
			targets = (
				CD8B4816208824D800F2BE99 /* Assigment */,
			);
		};
/* End PBXProject section */

/* Begin PBXResourcesBuildPhase section */
		CD8B4815208824D800F2BE99 /* Resources */ = {
			isa = PBXResourcesBuildPhase;
			buildActionMask = 2147483647;
			files = (
				CD8B4825208824D900F2BE99 /* LaunchScreen.storyboard in Resources */,
				CD8B4831208826DD00F2BE99 /* 여자 댄스 오전 6.20.50.jpg in Resources */,
				CD8B4822208824D900F2BE99 /* Assets.xcassets in Resources */,
				CD8B4833208826E300F2BE99 /* 앱사진 05-54-32-870.png in Resources */,
				CD8B482F208826D700F2BE99 /* 여자 발라드 오전 6.22.53.jpg in Resources */,
				CD8B483F20882EF600F2BE99 /* Main.storyboard in Resources */,
				CD8B4837208826EF00F2BE99 /* 남자 댄스 오전 6.20.50.jpg in Resources */,
				CD8B4839208826F400F2BE99 /* 검색.png in Resources */,
				CD8B482D208826CF00F2BE99 /* 음악.png in Resources */,
				CD8B4835208826E900F2BE99 /* 남자 발라드 오전 6.22.53.jpg in Resources */,
				CD8B4820208824D900F2BE99 /* Main.storyboard in Resources */,
			);
			runOnlyForDeploymentPostprocessing = 0;
		};
/* End PBXResourcesBuildPhase section */

/* Begin PBXSourcesBuildPhase section */
		CD8B4813208824D800F2BE99 /* Sources */ = {
			isa = PBXSourcesBuildPhase;
			buildActionMask = 2147483647;
			files = (
				CD8B483B208828D200F2BE99 /* SearchingViewController.swift in Sources */,
				CD8B481D208824D900F2BE99 /* ViewController.swift in Sources */,
				CD8B481B208824D900F2BE99 /* AppDelegate.swift in Sources */,
				CD8B483D208828F500F2BE99 /* AddingViewController.swift in Sources */,
			);
			runOnlyForDeploymentPostprocessing = 0;
		};
/* End PBXSourcesBuildPhase section */

/* Begin PBXVariantGroup section */
		CD8B481E208824D900F2BE99 /* Main.storyboard */ = {
			isa = PBXVariantGroup;
			children = (
				CD8B481F208824D900F2BE99 /* Base */,
			);
			name = Main.storyboard;
			sourceTree = "<group>";
		};
		CD8B4823208824D900F2BE99 /* LaunchScreen.storyboard */ = {
			isa = PBXVariantGroup;
			children = (
				CD8B4824208824D900F2BE99 /* Base */,
			);
			name = LaunchScreen.storyboard;
			sourceTree = "<group>";
		};
/* End PBXVariantGroup section */

/* Begin XCBuildConfiguration section */
		CD8B4827208824D900F2BE99 /* Debug */ = {
			isa = XCBuildConfiguration;
			buildSettings = {
				ALWAYS_SEARCH_USER_PATHS = NO;
				CLANG_ANALYZER_NONNULL = YES;
				CLANG_ANALYZER_NUMBER_OBJECT_CONVERSION = YES_AGGRESSIVE;
				CLANG_CXX_LANGUAGE_STANDARD = "gnu++14";
				CLANG_CXX_LIBRARY = "libc++";
				CLANG_ENABLE_MODULES = YES;
				CLANG_ENABLE_OBJC_ARC = YES;
				CLANG_WARN_BLOCK_CAPTURE_AUTORELEASING = YES;
				CLANG_WARN_BOOL_CONVERSION = YES;
				CLANG_WARN_COMMA = YES;
				CLANG_WARN_CONSTANT_CONVERSION = YES;
				CLANG_WARN_DIRECT_OBJC_ISA_USAGE = YES_ERROR;
				CLANG_WARN_DOCUMENTATION_COMMENTS = YES;
				CLANG_WARN_EMPTY_BODY = YES;
				CLANG_WARN_ENUM_CONVERSION = YES;
				CLANG_WARN_INFINITE_RECURSION = YES;
				CLANG_WARN_INT_CONVERSION = YES;
				CLANG_WARN_NON_LITERAL_NULL_CONVERSION = YES;
				CLANG_WARN_OBJC_LITERAL_CONVERSION = YES;
				CLANG_WARN_OBJC_ROOT_CLASS = YES_ERROR;
				CLANG_WARN_RANGE_LOOP_ANALYSIS = YES;
				CLANG_WARN_STRICT_PROTOTYPES = YES;
				CLANG_WARN_SUSPICIOUS_MOVE = YES;
				CLANG_WARN_UNGUARDED_AVAILABILITY = YES_AGGRESSIVE;
				CLANG_WARN_UNREACHABLE_CODE = YES;
				CLANG_WARN__DUPLICATE_METHOD_MATCH = YES;
				CODE_SIGN_IDENTITY = "iPhone Developer";
				COPY_PHASE_STRIP = NO;
				DEBUG_INFORMATION_FORMAT = dwarf;
				ENABLE_STRICT_OBJC_MSGSEND = YES;
				ENABLE_TESTABILITY = YES;
				GCC_C_LANGUAGE_STANDARD = gnu11;
				GCC_DYNAMIC_NO_PIC = NO;
				GCC_NO_COMMON_BLOCKS = YES;
				GCC_OPTIMIZATION_LEVEL = 0;
				GCC_PREPROCESSOR_DEFINITIONS = (
					"DEBUG=1",
					"$(inherited)",
				);
				GCC_WARN_64_TO_32_BIT_CONVERSION = YES;
				GCC_WARN_ABOUT_RETURN_TYPE = YES_ERROR;
				GCC_WARN_UNDECLARED_SELECTOR = YES;
				GCC_WARN_UNINITIALIZED_AUTOS = YES_AGGRESSIVE;
				GCC_WARN_UNUSED_FUNCTION = YES;
				GCC_WARN_UNUSED_VARIABLE = YES;
				IPHONEOS_DEPLOYMENT_TARGET = 11.2;
				MTL_ENABLE_DEBUG_INFO = YES;
				ONLY_ACTIVE_ARCH = YES;
				SDKROOT = iphoneos;
				SWIFT_ACTIVE_COMPILATION_CONDITIONS = DEBUG;
				SWIFT_OPTIMIZATION_LEVEL = "-Onone";
			};
			name = Debug;
		};
		CD8B4828208824D900F2BE99 /* Release */ = {
			isa = XCBuildConfiguration;
			buildSettings = {
				ALWAYS_SEARCH_USER_PATHS = NO;
				CLANG_ANALYZER_NONNULL = YES;
				CLANG_ANALYZER_NUMBER_OBJECT_CONVERSION = YES_AGGRESSIVE;
				CLANG_CXX_LANGUAGE_STANDARD = "gnu++14";
				CLANG_CXX_LIBRARY = "libc++";
				CLANG_ENABLE_MODULES = YES;
				CLANG_ENABLE_OBJC_ARC = YES;
				CLANG_WARN_BLOCK_CAPTURE_AUTORELEASING = YES;
				CLANG_WARN_BOOL_CONVERSION = YES;
				CLANG_WARN_COMMA = YES;
				CLANG_WARN_CONSTANT_CONVERSION = YES;
				CLANG_WARN_DIRECT_OBJC_ISA_USAGE = YES_ERROR;
				CLANG_WARN_DOCUMENTATION_COMMENTS = YES;
				CLANG_WARN_EMPTY_BODY = YES;
				CLANG_WARN_ENUM_CONVERSION = YES;
				CLANG_WARN_INFINITE_RECURSION = YES;
				CLANG_WARN_INT_CONVERSION = YES;
				CLANG_WARN_NON_LITERAL_NULL_CONVERSION = YES;
				CLANG_WARN_OBJC_LITERAL_CONVERSION = YES;
				CLANG_WARN_OBJC_ROOT_CLASS = YES_ERROR;
				CLANG_WARN_RANGE_LOOP_ANALYSIS = YES;
				CLANG_WARN_STRICT_PROTOTYPES = YES;
				CLANG_WARN_SUSPICIOUS_MOVE = YES;
				CLANG_WARN_UNGUARDED_AVAILABILITY = YES_AGGRESSIVE;
				CLANG_WARN_UNREACHABLE_CODE = YES;
				CLANG_WARN__DUPLICATE_METHOD_MATCH = YES;
				CODE_SIGN_IDENTITY = "iPhone Developer";
				COPY_PHASE_STRIP = NO;
				DEBUG_INFORMATION_FORMAT = "dwarf-with-dsym";
				ENABLE_NS_ASSERTIONS = NO;
				ENABLE_STRICT_OBJC_MSGSEND = YES;
				GCC_C_LANGUAGE_STANDARD = gnu11;
				GCC_NO_COMMON_BLOCKS = YES;
				GCC_WARN_64_TO_32_BIT_CONVERSION = YES;
				GCC_WARN_ABOUT_RETURN_TYPE = YES_ERROR;
				GCC_WARN_UNDECLARED_SELECTOR = YES;
				GCC_WARN_UNINITIALIZED_AUTOS = YES_AGGRESSIVE;
				GCC_WARN_UNUSED_FUNCTION = YES;
				GCC_WARN_UNUSED_VARIABLE = YES;
				IPHONEOS_DEPLOYMENT_TARGET = 11.2;
				MTL_ENABLE_DEBUG_INFO = NO;
				SDKROOT = iphoneos;
				SWIFT_OPTIMIZATION_LEVEL = "-Owholemodule";
				VALIDATE_PRODUCT = YES;
			};
			name = Release;
		};
		CD8B482A208824D900F2BE99 /* Debug */ = {
			isa = XCBuildConfiguration;
			buildSettings = {
				ASSETCATALOG_COMPILER_APPICON_NAME = AppIcon;
				CODE_SIGN_STYLE = Automatic;
				INFOPLIST_FILE = Assigment/Info.plist;
				LD_RUNPATH_SEARCH_PATHS = "$(inherited) @executable_path/Frameworks";
				PRODUCT_BUNDLE_IDENTIFIER = swu.ac.kr.Assigment;
				PRODUCT_NAME = "$(TARGET_NAME)";
				SWIFT_VERSION = 4.0;
				TARGETED_DEVICE_FAMILY = "1,2";
			};
			name = Debug;
		};
		CD8B482B208824D900F2BE99 /* Release */ = {
			isa = XCBuildConfiguration;
			buildSettings = {
				ASSETCATALOG_COMPILER_APPICON_NAME = AppIcon;
				CODE_SIGN_STYLE = Automatic;
				INFOPLIST_FILE = Assigment/Info.plist;
				LD_RUNPATH_SEARCH_PATHS = "$(inherited) @executable_path/Frameworks";
				PRODUCT_BUNDLE_IDENTIFIER = swu.ac.kr.Assigment;
				PRODUCT_NAME = "$(TARGET_NAME)";
				SWIFT_VERSION = 4.0;
				TARGETED_DEVICE_FAMILY = "1,2";
			};
			name = Release;
		};
/* End XCBuildConfiguration section */

/* Begin XCConfigurationList section */
		CD8B4812208824D800F2BE99 /* Build configuration list for PBXProject "Assigment" */ = {
			isa = XCConfigurationList;
			buildConfigurations = (
				CD8B4827208824D900F2BE99 /* Debug */,
				CD8B4828208824D900F2BE99 /* Release */,
			);
			defaultConfigurationIsVisible = 0;
			defaultConfigurationName = Release;
		};
		CD8B4829208824D900F2BE99 /* Build configuration list for PBXNativeTarget "Assigment" */ = {
			isa = XCConfigurationList;
			buildConfigurations = (
				CD8B482A208824D900F2BE99 /* Debug */,
				CD8B482B208824D900F2BE99 /* Release */,
			);
			defaultConfigurationIsVisible = 0;
			defaultConfigurationName = Release;
		};
/* End XCConfigurationList section */
	};
	rootObject = CD8B480F208824D800F2BE99 /* Project object */;
}
